
Microsoft Visual Studio Solution File, Format Version 12.00
# Visual Studio Version 17
VisualStudioVersion = 17.11.35222.181
MinimumVisualStudioVersion = 10.0.40219.1
Project("{FAE04EC0-301F-11D3-BF4B-00C04F79EFBC}") = "TravelGuide", "TravelGuide\TravelGuide.csproj", "{70702132-017A-4D2B-A2BB-F97386429AA0}"
EndProject
Global
	GlobalSection(SolutionConfigurationPlatforms) = preSolution
		Debug|Any CPU = Debug|Any CPU
		Release|Any CPU = Release|Any CPU
	EndGlobalSection
	GlobalSection(ProjectConfigurationPlatforms) = postSolution
		{70702132-017A-4D2B-A2BB-F97386429AA0}.Debug|Any CPU.ActiveCfg = Debug|Any CPU
		{70702132-017A-4D2B-A2BB-F97386429AA0}.Debug|Any CPU.Build.0 = Debug|Any CPU
		{70702132-017A-4D2B-A2BB-F97386429AA0}.Release|Any CPU.ActiveCfg = Release|Any CPU
		{70702132-017A-4D2B-A2BB-F97386429AA0}.Release|Any CPU.Build.0 = Release|Any CPU
	EndGlobalSection
	GlobalSection(SolutionProperties) = preSolution
		HideSolutionNode = FALSE
	EndGlobalSection
	GlobalSection(ExtensibilityGlobals) = postSolution
		SolutionGuid = {47CF59AF-82E6-46B4-A229-AEFD54472A5E}
	EndGlobalSection
EndGlobal
